
Microsoft Visual Studio Solution File, Format Version 12.00
# Visual Studio 15
Project("{FAE04EC0-301F-11D3-BF4B-00C04F79EFBC}") = "Modelo.Api", "src\Modelo.Api\Modelo.Api.csproj", "{2EECE03C-D8DE-49DA-8F26-665890D4061D}"
EndProject
Project("{FAE04EC0-301F-11D3-BF4B-00C04F79EFBC}") = "Modelo.Business", "src\Modelo.Business\Modelo.Business.csproj", "{643E3BD7-D144-4243-9C22-D918C57F9F1F}"
EndProject
Project("{FAE04EC0-301F-11D3-BF4B-00C04F79EFBC}") = "Modelo.Data", "src\Modelo.Data\Modelo.Data.csproj", "{A60A3811-02ED-4A55-BA50-1B43BD7B2A77}"
EndProject
Global
	GlobalSection(SolutionConfigurationPlatforms) = preSolution
		Debug|Any CPU = Debug|Any CPU
		Release|Any CPU = Release|Any CPU
	EndGlobalSection
	GlobalSection(ProjectConfigurationPlatforms) = postSolution
		{2EECE03C-D8DE-49DA-8F26-665890D4061D}.Debug|Any CPU.ActiveCfg = Debug|Any CPU
		{2EECE03C-D8DE-49DA-8F26-665890D4061D}.Debug|Any CPU.Build.0 = Debug|Any CPU
		{2EECE03C-D8DE-49DA-8F26-665890D4061D}.Release|Any CPU.ActiveCfg = Release|Any CPU
		{2EECE03C-D8DE-49DA-8F26-665890D4061D}.Release|Any CPU.Build.0 = Release|Any CPU
		{643E3BD7-D144-4243-9C22-D918C57F9F1F}.Debug|Any CPU.ActiveCfg = Debug|Any CPU
		{643E3BD7-D144-4243-9C22-D918C57F9F1F}.Debug|Any CPU.Build.0 = Debug|Any CPU
		{643E3BD7-D144-4243-9C22-D918C57F9F1F}.Release|Any CPU.ActiveCfg = Release|Any CPU
		{643E3BD7-D144-4243-9C22-D918C57F9F1F}.Release|Any CPU.Build.0 = Release|Any CPU
		{A60A3811-02ED-4A55-BA50-1B43BD7B2A77}.Debug|Any CPU.ActiveCfg = Debug|Any CPU
		{A60A3811-02ED-4A55-BA50-1B43BD7B2A77}.Debug|Any CPU.Build.0 = Debug|Any CPU
		{A60A3811-02ED-4A55-BA50-1B43BD7B2A77}.Release|Any CPU.ActiveCfg = Release|Any CPU
		{A60A3811-02ED-4A55-BA50-1B43BD7B2A77}.Release|Any CPU.Build.0 = Release|Any CPU
	EndGlobalSection
EndGlobal
